// !$*UTF8*$!
{
	archiveVersion = 1;
	classes = {
	};
	objectVersion = 55;
	objects = {

/* Begin PBXBuildFile section */
		2D42A7C55660005043A5A16C /* Pods_NoteList_RxSwift.framework in Frameworks */ = {isa = PBXBuildFile; fileRef = 7E813D4948FCC9AD652F57B8 /* Pods_NoteList_RxSwift.framework */; };
		E087C504297D6569002AA739 /* AppDelegate.swift in Sources */ = {isa = PBXBuildFile; fileRef = E087C503297D6569002AA739 /* AppDelegate.swift */; };
		E087C506297D6569002AA739 /* SceneDelegate.swift in Sources */ = {isa = PBXBuildFile; fileRef = E087C505297D6569002AA739 /* SceneDelegate.swift */; };
		E087C50B297D6569002AA739 /* Main.storyboard in Resources */ = {isa = PBXBuildFile; fileRef = E087C509297D6569002AA739 /* Main.storyboard */; };
		E087C50D297D656A002AA739 /* Assets.xcassets in Resources */ = {isa = PBXBuildFile; fileRef = E087C50C297D656A002AA739 /* Assets.xcassets */; };
		E087C510297D656A002AA739 /* LaunchScreen.storyboard in Resources */ = {isa = PBXBuildFile; fileRef = E087C50E297D656A002AA739 /* LaunchScreen.storyboard */; };
		E087C519297D659E002AA739 /* TaskListViewController.swift in Sources */ = {isa = PBXBuildFile; fileRef = E087C518297D659E002AA739 /* TaskListViewController.swift */; };
		E087C51B297D77AA002AA739 /* AddTaskViewController.swift in Sources */ = {isa = PBXBuildFile; fileRef = E087C51A297D77AA002AA739 /* AddTaskViewController.swift */; };
		E087C51E297D79DA002AA739 /* Task.swift in Sources */ = {isa = PBXBuildFile; fileRef = E087C51D297D79DA002AA739 /* Task.swift */; };
/* End PBXBuildFile section */

/* Begin PBXFileReference section */
		0C95C186216B7BE6DA7B196C /* Pods-NoteList.RxSwift.release.xcconfig */ = {isa = PBXFileReference; includeInIndex = 1; lastKnownFileType = text.xcconfig; name = "Pods-NoteList.RxSwift.release.xcconfig"; path = "Target Support Files/Pods-NoteList.RxSwift/Pods-NoteList.RxSwift.release.xcconfig"; sourceTree = "<group>"; };
		78027B4AD3A979187CDA5E39 /* Pods-NoteList.RxSwift.debug.xcconfig */ = {isa = PBXFileReference; includeInIndex = 1; lastKnownFileType = text.xcconfig; name = "Pods-NoteList.RxSwift.debug.xcconfig"; path = "Target Support Files/Pods-NoteList.RxSwift/Pods-NoteList.RxSwift.debug.xcconfig"; sourceTree = "<group>"; };
		7E813D4948FCC9AD652F57B8 /* Pods_NoteList_RxSwift.framework */ = {isa = PBXFileReference; explicitFileType = wrapper.framework; includeInIndex = 0; path = Pods_NoteList_RxSwift.framework; sourceTree = BUILT_PRODUCTS_DIR; };
		E087C500297D6569002AA739 /* NoteList.RxSwift.app */ = {isa = PBXFileReference; explicitFileType = wrapper.application; includeInIndex = 0; path = NoteList.RxSwift.app; sourceTree = BUILT_PRODUCTS_DIR; };
		E087C503297D6569002AA739 /* AppDelegate.swift */ = {isa = PBXFileReference; lastKnownFileType = sourcecode.swift; path = AppDelegate.swift; sourceTree = "<group>"; };
		E087C505297D6569002AA739 /* SceneDelegate.swift */ = {isa = PBXFileReference; lastKnownFileType = sourcecode.swift; path = SceneDelegate.swift; sourceTree = "<group>"; };
		E087C50A297D6569002AA739 /* Base */ = {isa = PBXFileReference; lastKnownFileType = file.storyboard; name = Base; path = Base.lproj/Main.storyboard; sourceTree = "<group>"; };
		E087C50C297D656A002AA739 /* Assets.xcassets */ = {isa = PBXFileReference; lastKnownFileType = folder.assetcatalog; path = Assets.xcassets; sourceTree = "<group>"; };
		E087C50F297D656A002AA739 /* Base */ = {isa = PBXFileReference; lastKnownFileType = file.storyboard; name = Base; path = Base.lproj/LaunchScreen.storyboard; sourceTree = "<group>"; };
		E087C511297D656A002AA739 /* Info.plist */ = {isa = PBXFileReference; lastKnownFileType = text.plist.xml; path = Info.plist; sourceTree = "<group>"; };
		E087C518297D659E002AA739 /* TaskListViewController.swift */ = {isa = PBXFileReference; lastKnownFileType = sourcecode.swift; path = TaskListViewController.swift; sourceTree = "<group>"; };
		E087C51A297D77AA002AA739 /* AddTaskViewController.swift */ = {isa = PBXFileReference; lastKnownFileType = sourcecode.swift; path = AddTaskViewController.swift; sourceTree = "<group>"; };
		E087C51D297D79DA002AA739 /* Task.swift */ = {isa = PBXFileReference; lastKnownFileType = sourcecode.swift; path = Task.swift; sourceTree = "<group>"; };
/* End PBXFileReference section */

/* Begin PBXFrameworksBuildPhase section */
		E087C4FD297D6569002AA739 /* Frameworks */ = {
			isa = PBXFrameworksBuildPhase;
			buildActionMask = 2147483647;
			files = (
				2D42A7C55660005043A5A16C /* Pods_NoteList_RxSwift.framework in Frameworks */,
			);
			runOnlyForDeploymentPostprocessing = 0;
		};
/* End PBXFrameworksBuildPhase section */

/* Begin PBXGroup section */
		7E7C128F064CC35536036AD6 /* Frameworks */ = {
			isa = PBXGroup;
			children = (
				7E813D4948FCC9AD652F57B8 /* Pods_NoteList_RxSwift.framework */,
			);
			name = Frameworks;
			sourceTree = "<group>";
		};
		A42124988B6B81B92708067B /* Pods */ = {
			isa = PBXGroup;
			children = (
				78027B4AD3A979187CDA5E39 /* Pods-NoteList.RxSwift.debug.xcconfig */,
				0C95C186216B7BE6DA7B196C /* Pods-NoteList.RxSwift.release.xcconfig */,
			);
			name = Pods;
			path = Pods;
			sourceTree = "<group>";
		};
		E087C4F7297D6569002AA739 = {
			isa = PBXGroup;
			children = (
				E087C502297D6569002AA739 /* NoteList.RxSwift */,
				E087C501297D6569002AA739 /* Products */,
				A42124988B6B81B92708067B /* Pods */,
				7E7C128F064CC35536036AD6 /* Frameworks */,
			);
			sourceTree = "<group>";
		};
		E087C501297D6569002AA739 /* Products */ = {
			isa = PBXGroup;
			children = (
				E087C500297D6569002AA739 /* NoteList.RxSwift.app */,
			);
			name = Products;
			sourceTree = "<group>";
		};
		E087C502297D6569002AA739 /* NoteList.RxSwift */ = {
			isa = PBXGroup;
			children = (
				E087C51C297D79CA002AA739 /* Models */,
				E087C517297D6582002AA739 /* Controllers */,
				E087C503297D6569002AA739 /* AppDelegate.swift */,
				E087C505297D6569002AA739 /* SceneDelegate.swift */,
				E087C509297D6569002AA739 /* Main.storyboard */,
				E087C50C297D656A002AA739 /* Assets.xcassets */,
				E087C50E297D656A002AA739 /* LaunchScreen.storyboard */,
				E087C511297D656A002AA739 /* Info.plist */,
			);
			path = NoteList.RxSwift;
			sourceTree = "<group>";
		};
		E087C517297D6582002AA739 /* Controllers */ = {
			isa = PBXGroup;
			children = (
				E087C518297D659E002AA739 /* TaskListViewController.swift */,
				E087C51A297D77AA002AA739 /* AddTaskViewController.swift */,
			);
			path = Controllers;
			sourceTree = "<group>";
		};
		E087C51C297D79CA002AA739 /* Models */ = {
			isa = PBXGroup;
			children = (
				E087C51D297D79DA002AA739 /* Task.swift */,
			);
			path = Models;
			sourceTree = "<group>";
		};
/* End PBXGroup section */

/* Begin PBXNativeTarget section */
		E087C4FF297D6569002AA739 /* NoteList.RxSwift */ = {
			isa = PBXNativeTarget;
			buildConfigurationList = E087C514297D656A002AA739 /* Build configuration list for PBXNativeTarget "NoteList.RxSwift" */;
			buildPhases = (
				6C1283788EDF84B6DAB0B516 /* [CP] Check Pods Manifest.lock */,
				E087C4FC297D6569002AA739 /* Sources */,
				E087C4FD297D6569002AA739 /* Frameworks */,
				E087C4FE297D6569002AA739 /* Resources */,
				1551A768BE086AA1A4BB5303 /* [CP] Embed Pods Frameworks */,
			);
			buildRules = (
			);
			dependencies = (
			);
			name = NoteList.RxSwift;
			productName = NoteList.RxSwift;
			productReference = E087C500297D6569002AA739 /* NoteList.RxSwift.app */;
			productType = "com.apple.product-type.application";
		};
/* End PBXNativeTarget section */

/* Begin PBXProject section */
		E087C4F8297D6569002AA739 /* Project object */ = {
			isa = PBXProject;
			attributes = {
				BuildIndependentTargetsInParallel = 1;
				LastSwiftUpdateCheck = 1420;
				LastUpgradeCheck = 1420;
				TargetAttributes = {
					E087C4FF297D6569002AA739 = {
						CreatedOnToolsVersion = 14.2;
					};
				};
			};
			buildConfigurationList = E087C4FB297D6569002AA739 /* Build configuration list for PBXProject "NoteList.RxSwift" */;
			compatibilityVersion = "Xcode 13.0";
			developmentRegion = en;
			hasScannedForEncodings = 0;
			knownRegions = (
				en,
				Base,
			);
			mainGroup = E087C4F7297D6569002AA739;
			productRefGroup = E087C501297D6569002AA739 /* Products */;
			projectDirPath = "";
			projectRoot = "";
			targets = (
				E087C4FF297D6569002AA739 /* NoteList.RxSwift */,
			);
		};
/* End PBXProject section */

/* Begin PBXResourcesBuildPhase section */
		E087C4FE297D6569002AA739 /* Resources */ = {
			isa = PBXResourcesBuildPhase;
			buildActionMask = 2147483647;
			files = (
				E087C510297D656A002AA739 /* LaunchScreen.storyboard in Resources */,
				E087C50D297D656A002AA739 /* Assets.xcassets in Resources */,
				E087C50B297D6569002AA739 /* Main.storyboard in Resources */,
			);
			runOnlyForDeploymentPostprocessing = 0;
		};
/* End PBXResourcesBuildPhase section */

/* Begin PBXShellScriptBuildPhase section */
		1551A768BE086AA1A4BB5303 /* [CP] Embed Pods Frameworks */ = {
			isa = PBXShellScriptBuildPhase;
			buildActionMask = 2147483647;
			files = (
			);
			inputFileListPaths = (
				"${PODS_ROOT}/Target Support Files/Pods-NoteList.RxSwift/Pods-NoteList.RxSwift-frameworks-${CONFIGURATION}-input-files.xcfilelist",
			);
			name = "[CP] Embed Pods Frameworks";
			outputFileListPaths = (
				"${PODS_ROOT}/Target Support Files/Pods-NoteList.RxSwift/Pods-NoteList.RxSwift-frameworks-${CONFIGURATION}-output-files.xcfilelist",
			);
			runOnlyForDeploymentPostprocessing = 0;
			shellPath = /bin/sh;
			shellScript = "\"${PODS_ROOT}/Target Support Files/Pods-NoteList.RxSwift/Pods-NoteList.RxSwift-frameworks.sh\"\n";
			showEnvVarsInLog = 0;
		};
		6C1283788EDF84B6DAB0B516 /* [CP] Check Pods Manifest.lock */ = {
			isa = PBXShellScriptBuildPhase;
			buildActionMask = 2147483647;
			files = (
			);
			inputFileListPaths = (
			);
			inputPaths = (
				"${PODS_PODFILE_DIR_PATH}/Podfile.lock",
				"${PODS_ROOT}/Manifest.lock",
			);
			name = "[CP] Check Pods Manifest.lock";
			outputFileListPaths = (
			);
			outputPaths = (
				"$(DERIVED_FILE_DIR)/Pods-NoteList.RxSwift-checkManifestLockResult.txt",
			);
			runOnlyForDeploymentPostprocessing = 0;
			shellPath = /bin/sh;
			shellScript = "diff \"${PODS_PODFILE_DIR_PATH}/Podfile.lock\" \"${PODS_ROOT}/Manifest.lock\" > /dev/null\nif [ $? != 0 ] ; then\n    # print error to STDERR\n    echo \"error: The sandbox is not in sync with the Podfile.lock. Run 'pod install' or update your CocoaPods installation.\" >&2\n    exit 1\nfi\n# This output is used by Xcode 'outputs' to avoid re-running this script phase.\necho \"SUCCESS\" > \"${SCRIPT_OUTPUT_FILE_0}\"\n";
			showEnvVarsInLog = 0;
		};
/* End PBXShellScriptBuildPhase section */

/* Begin PBXSourcesBuildPhase section */
		E087C4FC297D6569002AA739 /* Sources */ = {
			isa = PBXSourcesBuildPhase;
			buildActionMask = 2147483647;
			files = (
				E087C504297D6569002AA739 /* AppDelegate.swift in Sources */,
				E087C51B297D77AA002AA739 /* AddTaskViewController.swift in Sources */,
				E087C51E297D79DA002AA739 /* Task.swift in Sources */,
				E087C506297D6569002AA739 /* SceneDelegate.swift in Sources */,
				E087C519297D659E002AA739 /* TaskListViewController.swift in Sources */,
			);
			runOnlyForDeploymentPostprocessing = 0;
		};
/* End PBXSourcesBuildPhase section */

/* Begin PBXVariantGroup section */
		E087C509297D6569002AA739 /* Main.storyboard */ = {
			isa = PBXVariantGroup;
			children = (
				E087C50A297D6569002AA739 /* Base */,
			);
			name = Main.storyboard;
			sourceTree = "<group>";
		};
		E087C50E297D656A002AA739 /* LaunchScreen.storyboard */ = {
			isa = PBXVariantGroup;
			children = (
				E087C50F297D656A002AA739 /* Base */,
			);
			name = LaunchScreen.storyboard;
			sourceTree = "<group>";
		};
/* End PBXVariantGroup section */

/* Begin XCBuildConfiguration section */
		E087C512297D656A002AA739 /* Debug */ = {
			isa = XCBuildConfiguration;
			buildSettings = {
				ALWAYS_SEARCH_USER_PATHS = NO;
				CLANG_ANALYZER_NONNULL = YES;
				CLANG_ANALYZER_NUMBER_OBJECT_CONVERSION = YES_AGGRESSIVE;
				CLANG_CXX_LANGUAGE_STANDARD = "gnu++20";
				CLANG_ENABLE_MODULES = YES;
				CLANG_ENABLE_OBJC_ARC = YES;
				CLANG_ENABLE_OBJC_WEAK = YES;
				CLANG_WARN_BLOCK_CAPTURE_AUTORELEASING = YES;
				CLANG_WARN_BOOL_CONVERSION = YES;
				CLANG_WARN_COMMA = YES;
				CLANG_WARN_CONSTANT_CONVERSION = YES;
				CLANG_WARN_DEPRECATED_OBJC_IMPLEMENTATIONS = YES;
				CLANG_WARN_DIRECT_OBJC_ISA_USAGE = YES_ERROR;
				CLANG_WARN_DOCUMENTATION_COMMENTS = YES;
				CLANG_WARN_EMPTY_BODY = YES;
				CLANG_WARN_ENUM_CONVERSION = YES;
				CLANG_WARN_INFINITE_RECURSION = YES;
				CLANG_WARN_INT_CONVERSION = YES;
				CLANG_WARN_NON_LITERAL_NULL_CONVERSION = YES;
				CLANG_WARN_OBJC_IMPLICIT_RETAIN_SELF = YES;
				CLANG_WARN_OBJC_LITERAL_CONVERSION = YES;
				CLANG_WARN_OBJC_ROOT_CLASS = YES_ERROR;
				CLANG_WARN_QUOTED_INCLUDE_IN_FRAMEWORK_HEADER = YES;
				CLANG_WARN_RANGE_LOOP_ANALYSIS = YES;
				CLANG_WARN_STRICT_PROTOTYPES = YES;
				CLANG_WARN_SUSPICIOUS_MOVE = YES;
				CLANG_WARN_UNGUARDED_AVAILABILITY = YES_AGGRESSIVE;
				CLANG_WARN_UNREACHABLE_CODE = YES;
				CLANG_WARN__DUPLICATE_METHOD_MATCH = YES;
				COPY_PHASE_STRIP = NO;
				DEBUG_INFORMATION_FORMAT = dwarf;
				ENABLE_STRICT_OBJC_MSGSEND = YES;
				ENABLE_TESTABILITY = YES;
				GCC_C_LANGUAGE_STANDARD = gnu11;
				GCC_DYNAMIC_NO_PIC = NO;
				GCC_NO_COMMON_BLOCKS = YES;
				GCC_OPTIMIZATION_LEVEL = 0;
				GCC_PREPROCESSOR_DEFINITIONS = (
					"DEBUG=1",
					"$(inherited)",
				);
				GCC_WARN_64_TO_32_BIT_CONVERSION = YES;
				GCC_WARN_ABOUT_RETURN_TYPE = YES_ERROR;
				GCC_WARN_UNDECLARED_SELECTOR = YES;
				GCC_WARN_UNINITIALIZED_AUTOS = YES_AGGRESSIVE;
				GCC_WARN_UNUSED_FUNCTION = YES;
				GCC_WARN_UNUSED_VARIABLE = YES;
				IPHONEOS_DEPLOYMENT_TARGET = 16.2;
				MTL_ENABLE_DEBUG_INFO = INCLUDE_SOURCE;
				MTL_FAST_MATH = YES;
				ONLY_ACTIVE_ARCH = YES;
				SDKROOT = iphoneos;
				SWIFT_ACTIVE_COMPILATION_CONDITIONS = DEBUG;
				SWIFT_OPTIMIZATION_LEVEL = "-Onone";
			};
			name = Debug;
		};
		E087C513297D656A002AA739 /* Release */ = {
			isa = XCBuildConfiguration;
			buildSettings = {
				ALWAYS_SEARCH_USER_PATHS = NO;
				CLANG_ANALYZER_NONNULL = YES;
				CLANG_ANALYZER_NUMBER_OBJECT_CONVERSION = YES_AGGRESSIVE;
				CLANG_CXX_LANGUAGE_STANDARD = "gnu++20";
				CLANG_ENABLE_MODULES = YES;
				CLANG_ENABLE_OBJC_ARC = YES;
				CLANG_ENABLE_OBJC_WEAK = YES;
				CLANG_WARN_BLOCK_CAPTURE_AUTORELEASING = YES;
				CLANG_WARN_BOOL_CONVERSION = YES;
				CLANG_WARN_COMMA = YES;
				CLANG_WARN_CONSTANT_CONVERSION = YES;
				CLANG_WARN_DEPRECATED_OBJC_IMPLEMENTATIONS = YES;
				CLANG_WARN_DIRECT_OBJC_ISA_USAGE = YES_ERROR;
				CLANG_WARN_DOCUMENTATION_COMMENTS = YES;
				CLANG_WARN_EMPTY_BODY = YES;
				CLANG_WARN_ENUM_CONVERSION = YES;
				CLANG_WARN_INFINITE_RECURSION = YES;
				CLANG_WARN_INT_CONVERSION = YES;
				CLANG_WARN_NON_LITERAL_NULL_CONVERSION = YES;
				CLANG_WARN_OBJC_IMPLICIT_RETAIN_SELF = YES;
				CLANG_WARN_OBJC_LITERAL_CONVERSION = YES;
				CLANG_WARN_OBJC_ROOT_CLASS = YES_ERROR;
				CLANG_WARN_QUOTED_INCLUDE_IN_FRAMEWORK_HEADER = YES;
				CLANG_WARN_RANGE_LOOP_ANALYSIS = YES;
				CLANG_WARN_STRICT_PROTOTYPES = YES;
				CLANG_WARN_SUSPICIOUS_MOVE = YES;
				CLANG_WARN_UNGUARDED_AVAILABILITY = YES_AGGRESSIVE;
				CLANG_WARN_UNREACHABLE_CODE = YES;
				CLANG_WARN__DUPLICATE_METHOD_MATCH = YES;
				COPY_PHASE_STRIP = NO;
				DEBUG_INFORMATION_FORMAT = "dwarf-with-dsym";
				ENABLE_NS_ASSERTIONS = NO;
				ENABLE_STRICT_OBJC_MSGSEND = YES;
				GCC_C_LANGUAGE_STANDARD = gnu11;
				GCC_NO_COMMON_BLOCKS = YES;
				GCC_WARN_64_TO_32_BIT_CONVERSION = YES;
				GCC_WARN_ABOUT_RETURN_TYPE = YES_ERROR;
				GCC_WARN_UNDECLARED_SELECTOR = YES;
				GCC_WARN_UNINITIALIZED_AUTOS = YES_AGGRESSIVE;
				GCC_WARN_UNUSED_FUNCTION = YES;
				GCC_WARN_UNUSED_VARIABLE = YES;
				IPHONEOS_DEPLOYMENT_TARGET = 16.2;
				MTL_ENABLE_DEBUG_INFO = NO;
				MTL_FAST_MATH = YES;
				SDKROOT = iphoneos;
				SWIFT_COMPILATION_MODE = wholemodule;
				SWIFT_OPTIMIZATION_LEVEL = "-O";
				VALIDATE_PRODUCT = YES;
			};
			name = Release;
		};
		E087C515297D656A002AA739 /* Debug */ = {
			isa = XCBuildConfiguration;
			baseConfigurationReference = 78027B4AD3A979187CDA5E39 /* Pods-NoteList.RxSwift.debug.xcconfig */;
			buildSettings = {
				ASSETCATALOG_COMPILER_APPICON_NAME = AppIcon;
				ASSETCATALOG_COMPILER_GLOBAL_ACCENT_COLOR_NAME = AccentColor;
				CODE_SIGN_STYLE = Automatic;
				CURRENT_PROJECT_VERSION = 1;
				DEVELOPMENT_TEAM = WSW34L4PSC;
				GENERATE_INFOPLIST_FILE = YES;
				INFOPLIST_FILE = NoteList.RxSwift/Info.plist;
				INFOPLIST_KEY_UIApplicationSupportsIndirectInputEvents = YES;
				INFOPLIST_KEY_UILaunchStoryboardName = LaunchScreen;
				INFOPLIST_KEY_UIMainStoryboardFile = Main;
				INFOPLIST_KEY_UISupportedInterfaceOrientations_iPad = "UIInterfaceOrientationPortrait UIInterfaceOrientationPortraitUpsideDown UIInterfaceOrientationLandscapeLeft UIInterfaceOrientationLandscapeRight";
				INFOPLIST_KEY_UISupportedInterfaceOrientations_iPhone = "UIInterfaceOrientationPortrait UIInterfaceOrientationLandscapeLeft UIInterfaceOrientationLandscapeRight";
				LD_RUNPATH_SEARCH_PATHS = (
					"$(inherited)",
					"@executable_path/Frameworks",
				);
				MARKETING_VERSION = 1.0;
				PRODUCT_BUNDLE_IDENTIFIER = "Vadim-Gamzaev.NoteList-RxSwift";
				PRODUCT_NAME = "$(TARGET_NAME)";
				SWIFT_EMIT_LOC_STRINGS = YES;
				SWIFT_VERSION = 5.0;
				TARGETED_DEVICE_FAMILY = "1,2";
			};
			name = Debug;
		};
		E087C516297D656A002AA739 /* Release */ = {
			isa = XCBuildConfiguration;
			baseConfigurationReference = 0C95C186216B7BE6DA7B196C /* Pods-NoteList.RxSwift.release.xcconfig */;
			buildSettings = {
				ASSETCATALOG_COMPILER_APPICON_NAME = AppIcon;
				ASSETCATALOG_COMPILER_GLOBAL_ACCENT_COLOR_NAME = AccentColor;
				CODE_SIGN_STYLE = Automatic;
				CURRENT_PROJECT_VERSION = 1;
				DEVELOPMENT_TEAM = WSW34L4PSC;
				GENERATE_INFOPLIST_FILE = YES;
				INFOPLIST_FILE = NoteList.RxSwift/Info.plist;
				INFOPLIST_KEY_UIApplicationSupportsIndirectInputEvents = YES;
				INFOPLIST_KEY_UILaunchStoryboardName = LaunchScreen;
				INFOPLIST_KEY_UIMainStoryboardFile = Main;
				INFOPLIST_KEY_UISupportedInterfaceOrientations_iPad = "UIInterfaceOrientationPortrait UIInterfaceOrientationPortraitUpsideDown UIInterfaceOrientationLandscapeLeft UIInterfaceOrientationLandscapeRight";
				INFOPLIST_KEY_UISupportedInterfaceOrientations_iPhone = "UIInterfaceOrientationPortrait UIInterfaceOrientationLandscapeLeft UIInterfaceOrientationLandscapeRight";
				LD_RUNPATH_SEARCH_PATHS = (
					"$(inherited)",
					"@executable_path/Frameworks",
				);
				MARKETING_VERSION = 1.0;
				PRODUCT_BUNDLE_IDENTIFIER = "Vadim-Gamzaev.NoteList-RxSwift";
				PRODUCT_NAME = "$(TARGET_NAME)";
				SWIFT_EMIT_LOC_STRINGS = YES;
				SWIFT_VERSION = 5.0;
				TARGETED_DEVICE_FAMILY = "1,2";
			};
			name = Release;
		};
/* End XCBuildConfiguration section */

/* Begin XCConfigurationList section */
		E087C4FB297D6569002AA739 /* Build configuration list for PBXProject "NoteList.RxSwift" */ = {
			isa = XCConfigurationList;
			buildConfigurations = (
				E087C512297D656A002AA739 /* Debug */,
				E087C513297D656A002AA739 /* Release */,
			);
			defaultConfigurationIsVisible = 0;
			defaultConfigurationName = Release;
		};
		E087C514297D656A002AA739 /* Build configuration list for PBXNativeTarget "NoteList.RxSwift" */ = {
			isa = XCConfigurationList;
			buildConfigurations = (
				E087C515297D656A002AA739 /* Debug */,
				E087C516297D656A002AA739 /* Release */,
			);
			defaultConfigurationIsVisible = 0;
			defaultConfigurationName = Release;
		};
/* End XCConfigurationList section */
	};
	rootObject = E087C4F8297D6569002AA739 /* Project object */;
}
